
Microsoft Visual Studio Solution File, Format Version 12.00
# Visual Studio 15
VisualStudioVersion = 15.0.27428.2037
MinimumVisualStudioVersion = 10.0.40219.1
Project("{FAE04EC0-301F-11D3-BF4B-00C04F79EFBC}") = "PQDB", "PQDB\PQDB.csproj", "{11A29F6C-FF83-4C2E-9915-43087019E47D}"
EndProject
Project("{FAE04EC0-301F-11D3-BF4B-00C04F79EFBC}") = "PQDB.Test", "PQDB.Test\PQDB.Test.csproj", "{D9849309-542B-492F-B66E-448DD613B00D}"
EndProject
Global
	GlobalSection(SolutionConfigurationPlatforms) = preSolution
		Debug|Any CPU = Debug|Any CPU
		Release|Any CPU = Release|Any CPU
	EndGlobalSection
	GlobalSection(ProjectConfigurationPlatforms) = postSolution
		{11A29F6C-FF83-4C2E-9915-43087019E47D}.Debug|Any CPU.ActiveCfg = Debug|Any CPU
		{11A29F6C-FF83-4C2E-9915-43087019E47D}.Debug|Any CPU.Build.0 = Debug|Any CPU
		{11A29F6C-FF83-4C2E-9915-43087019E47D}.Release|Any CPU.ActiveCfg = Release|Any CPU
		{11A29F6C-FF83-4C2E-9915-43087019E47D}.Release|Any CPU.Build.0 = Release|Any CPU
		{D9849309-542B-492F-B66E-448DD613B00D}.Debug|Any CPU.ActiveCfg = Debug|Any CPU
		{D9849309-542B-492F-B66E-448DD613B00D}.Debug|Any CPU.Build.0 = Debug|Any CPU
		{D9849309-542B-492F-B66E-448DD613B00D}.Release|Any CPU.ActiveCfg = Release|Any CPU
		{D9849309-542B-492F-B66E-448DD613B00D}.Release|Any CPU.Build.0 = Release|Any CPU
	EndGlobalSection
	GlobalSection(SolutionProperties) = preSolution
		HideSolutionNode = FALSE
	EndGlobalSection
	GlobalSection(ExtensibilityGlobals) = postSolution
		SolutionGuid = {1BD46D93-D13C-4C8E-8FED-A600151E8041}
	EndGlobalSection
EndGlobal
